// !$*UTF8*$!
{
	archiveVersion = 1;
	classes = {
	};
	objectVersion = 55;
	objects = {

/* Begin PBXBuildFile section */
		DA03E6D3276B20B3008BE51F /* MenuView.swift in Sources */ = {isa = PBXBuildFile; fileRef = DA03E6D2276B20B3008BE51F /* MenuView.swift */; };
		DA03E6D5276B7BA8008BE51F /* Home.swift in Sources */ = {isa = PBXBuildFile; fileRef = DA03E6D4276B7BA8008BE51F /* Home.swift */; };
		DA16837627745EAF009C2194 /* Assets.xcassets in Resources */ = {isa = PBXBuildFile; fileRef = DA5AA50E27685FED00626DF0 /* Assets.xcassets */; };
		DA5AA50B27685FEB00626DF0 /* DesignCodeApp.swift in Sources */ = {isa = PBXBuildFile; fileRef = DA5AA50A27685FEB00626DF0 /* DesignCodeApp.swift */; };
		DA5AA50D27685FEB00626DF0 /* ContentView.swift in Sources */ = {isa = PBXBuildFile; fileRef = DA5AA50C27685FEB00626DF0 /* ContentView.swift */; };
		DA5AA51227685FED00626DF0 /* Preview Assets.xcassets in Resources */ = {isa = PBXBuildFile; fileRef = DA5AA51127685FED00626DF0 /* Preview Assets.xcassets */; };
		DAA1F52D2770869C009968FE /* CourseList.swift in Sources */ = {isa = PBXBuildFile; fileRef = DAA1F52C2770869C009968FE /* CourseList.swift */; };
		DAAAC88D276C707E00989170 /* HomeView.swift in Sources */ = {isa = PBXBuildFile; fileRef = DAAAC88C276C707E00989170 /* HomeView.swift */; };
		DAAAC88F276DA87200989170 /* UpdateList.swift in Sources */ = {isa = PBXBuildFile; fileRef = DAAAC88E276DA87100989170 /* UpdateList.swift */; };
		DAAAC891276DAE8F00989170 /* UpdateDetail.swift in Sources */ = {isa = PBXBuildFile; fileRef = DAAAC890276DAE8F00989170 /* UpdateDetail.swift */; };
		DAAAC893276DB21C00989170 /* UpdateStore.swift in Sources */ = {isa = PBXBuildFile; fileRef = DAAAC892276DB21C00989170 /* UpdateStore.swift */; };
		DAAAC895276DB5FE00989170 /* TapBar.swift in Sources */ = {isa = PBXBuildFile; fileRef = DAAAC894276DB5FE00989170 /* TapBar.swift */; };
		DAAAC897276DCD9000989170 /* RingView.swift in Sources */ = {isa = PBXBuildFile; fileRef = DAAAC896276DCD9000989170 /* RingView.swift */; };
		DAAAC899276E058A00989170 /* Modifiers.swift in Sources */ = {isa = PBXBuildFile; fileRef = DAAAC898276E058900989170 /* Modifiers.swift */; };
		DAAAC8B2276E08C100989170 /* WorkSans-VariableFont_wght.ttf in Resources */ = {isa = PBXBuildFile; fileRef = DAAAC89B276E08C000989170 /* WorkSans-VariableFont_wght.ttf */; };
		DAAAC8B3276E08C100989170 /* WorkSans-Regular.ttf in Resources */ = {isa = PBXBuildFile; fileRef = DAAAC89D276E08C000989170 /* WorkSans-Regular.ttf */; };
		DAAAC8B4276E08C100989170 /* WorkSans-Light.ttf in Resources */ = {isa = PBXBuildFile; fileRef = DAAAC89E276E08C000989170 /* WorkSans-Light.ttf */; };
		DAAAC8B5276E08C100989170 /* WorkSans-ExtraBold.ttf in Resources */ = {isa = PBXBuildFile; fileRef = DAAAC89F276E08C000989170 /* WorkSans-ExtraBold.ttf */; };
		DAAAC8B6276E08C100989170 /* WorkSans-SemiBoldItalic.ttf in Resources */ = {isa = PBXBuildFile; fileRef = DAAAC8A0276E08C000989170 /* WorkSans-SemiBoldItalic.ttf */; };
		DAAAC8B7276E08C100989170 /* WorkSans-MediumItalic.ttf in Resources */ = {isa = PBXBuildFile; fileRef = DAAAC8A1276E08C000989170 /* WorkSans-MediumItalic.ttf */; };
		DAAAC8B8276E08C100989170 /* WorkSans-BoldItalic.ttf in Resources */ = {isa = PBXBuildFile; fileRef = DAAAC8A2276E08C000989170 /* WorkSans-BoldItalic.ttf */; };
		DAAAC8B9276E08C100989170 /* WorkSans-ExtraLight.ttf in Resources */ = {isa = PBXBuildFile; fileRef = DAAAC8A3276E08C000989170 /* WorkSans-ExtraLight.ttf */; };
		DAAAC8BA276E08C100989170 /* WorkSans-ThinItalic.ttf in Resources */ = {isa = PBXBuildFile; fileRef = DAAAC8A4276E08C000989170 /* WorkSans-ThinItalic.ttf */; };
		DAAAC8BB276E08C100989170 /* WorkSans-ExtraLightItalic.ttf in Resources */ = {isa = PBXBuildFile; fileRef = DAAAC8A5276E08C000989170 /* WorkSans-ExtraLightItalic.ttf */; };
		DAAAC8BC276E08C100989170 /* WorkSans-Medium.ttf in Resources */ = {isa = PBXBuildFile; fileRef = DAAAC8A6276E08C000989170 /* WorkSans-Medium.ttf */; };
		DAAAC8BD276E08C100989170 /* WorkSans-SemiBold.ttf in Resources */ = {isa = PBXBuildFile; fileRef = DAAAC8A7276E08C000989170 /* WorkSans-SemiBold.ttf */; };
		DAAAC8BE276E08C100989170 /* WorkSans-Italic.ttf in Resources */ = {isa = PBXBuildFile; fileRef = DAAAC8A8276E08C000989170 /* WorkSans-Italic.ttf */; };
		DAAAC8BF276E08C100989170 /* WorkSans-BlackItalic.ttf in Resources */ = {isa = PBXBuildFile; fileRef = DAAAC8A9276E08C000989170 /* WorkSans-BlackItalic.ttf */; };
		DAAAC8C0276E08C100989170 /* WorkSans-Thin.ttf in Resources */ = {isa = PBXBuildFile; fileRef = DAAAC8AA276E08C000989170 /* WorkSans-Thin.ttf */; };
		DAAAC8C1276E08C100989170 /* WorkSans-Black.ttf in Resources */ = {isa = PBXBuildFile; fileRef = DAAAC8AB276E08C000989170 /* WorkSans-Black.ttf */; };
		DAAAC8C2276E08C100989170 /* WorkSans-LightItalic.ttf in Resources */ = {isa = PBXBuildFile; fileRef = DAAAC8AC276E08C000989170 /* WorkSans-LightItalic.ttf */; };
		DAAAC8C3276E08C100989170 /* WorkSans-ExtraBoldItalic.ttf in Resources */ = {isa = PBXBuildFile; fileRef = DAAAC8AD276E08C000989170 /* WorkSans-ExtraBoldItalic.ttf */; };
		DAAAC8C4276E08C100989170 /* WorkSans-Bold.ttf in Resources */ = {isa = PBXBuildFile; fileRef = DAAAC8AE276E08C000989170 /* WorkSans-Bold.ttf */; };
		DAAAC8C5276E08C100989170 /* WorkSans-Italic-VariableFont_wght.ttf in Resources */ = {isa = PBXBuildFile; fileRef = DAAAC8AF276E08C000989170 /* WorkSans-Italic-VariableFont_wght.ttf */; };
		DAAAC8C6276E08C100989170 /* OFL.txt in Resources */ = {isa = PBXBuildFile; fileRef = DAAAC8B0276E08C000989170 /* OFL.txt */; };
		DAAAC8C7276E08C100989170 /* README.txt in Resources */ = {isa = PBXBuildFile; fileRef = DAAAC8B1276E08C000989170 /* README.txt */; };
/* End PBXBuildFile section */

/* Begin PBXFileReference section */
		DA03E6D2276B20B3008BE51F /* MenuView.swift */ = {isa = PBXFileReference; lastKnownFileType = sourcecode.swift; path = MenuView.swift; sourceTree = "<group>"; };
		DA03E6D4276B7BA8008BE51F /* Home.swift */ = {isa = PBXFileReference; lastKnownFileType = sourcecode.swift; path = Home.swift; sourceTree = "<group>"; };
		DA5AA50727685FEB00626DF0 /* DesignCode.app */ = {isa = PBXFileReference; explicitFileType = wrapper.application; includeInIndex = 0; path = DesignCode.app; sourceTree = BUILT_PRODUCTS_DIR; };
		DA5AA50A27685FEB00626DF0 /* DesignCodeApp.swift */ = {isa = PBXFileReference; lastKnownFileType = sourcecode.swift; path = DesignCodeApp.swift; sourceTree = "<group>"; };
		DA5AA50C27685FEB00626DF0 /* ContentView.swift */ = {isa = PBXFileReference; lastKnownFileType = sourcecode.swift; path = ContentView.swift; sourceTree = "<group>"; };
		DA5AA50E27685FED00626DF0 /* Assets.xcassets */ = {isa = PBXFileReference; lastKnownFileType = folder.assetcatalog; path = Assets.xcassets; sourceTree = "<group>"; };
		DA5AA51127685FED00626DF0 /* Preview Assets.xcassets */ = {isa = PBXFileReference; lastKnownFileType = folder.assetcatalog; path = "Preview Assets.xcassets"; sourceTree = "<group>"; };
		DAA1F52C2770869C009968FE /* CourseList.swift */ = {isa = PBXFileReference; lastKnownFileType = sourcecode.swift; path = CourseList.swift; sourceTree = "<group>"; };
		DAAAC88C276C707E00989170 /* HomeView.swift */ = {isa = PBXFileReference; lastKnownFileType = sourcecode.swift; path = HomeView.swift; sourceTree = "<group>"; };
		DAAAC88E276DA87100989170 /* UpdateList.swift */ = {isa = PBXFileReference; lastKnownFileType = sourcecode.swift; path = UpdateList.swift; sourceTree = "<group>"; };
		DAAAC890276DAE8F00989170 /* UpdateDetail.swift */ = {isa = PBXFileReference; lastKnownFileType = sourcecode.swift; path = UpdateDetail.swift; sourceTree = "<group>"; };
		DAAAC892276DB21C00989170 /* UpdateStore.swift */ = {isa = PBXFileReference; lastKnownFileType = sourcecode.swift; path = UpdateStore.swift; sourceTree = "<group>"; };
		DAAAC894276DB5FE00989170 /* TapBar.swift */ = {isa = PBXFileReference; lastKnownFileType = sourcecode.swift; path = TapBar.swift; sourceTree = "<group>"; };
		DAAAC896276DCD9000989170 /* RingView.swift */ = {isa = PBXFileReference; lastKnownFileType = sourcecode.swift; path = RingView.swift; sourceTree = "<group>"; };
		DAAAC898276E058900989170 /* Modifiers.swift */ = {isa = PBXFileReference; lastKnownFileType = sourcecode.swift; path = Modifiers.swift; sourceTree = "<group>"; };
		DAAAC89B276E08C000989170 /* WorkSans-VariableFont_wght.ttf */ = {isa = PBXFileReference; lastKnownFileType = file; path = "WorkSans-VariableFont_wght.ttf"; sourceTree = "<group>"; };
		DAAAC89D276E08C000989170 /* WorkSans-Regular.ttf */ = {isa = PBXFileReference; lastKnownFileType = file; path = "WorkSans-Regular.ttf"; sourceTree = "<group>"; };
		DAAAC89E276E08C000989170 /* WorkSans-Light.ttf */ = {isa = PBXFileReference; lastKnownFileType = file; path = "WorkSans-Light.ttf"; sourceTree = "<group>"; };
		DAAAC89F276E08C000989170 /* WorkSans-ExtraBold.ttf */ = {isa = PBXFileReference; lastKnownFileType = file; path = "WorkSans-ExtraBold.ttf"; sourceTree = "<group>"; };
		DAAAC8A0276E08C000989170 /* WorkSans-SemiBoldItalic.ttf */ = {isa = PBXFileReference; lastKnownFileType = file; path = "WorkSans-SemiBoldItalic.ttf"; sourceTree = "<group>"; };
		DAAAC8A1276E08C000989170 /* WorkSans-MediumItalic.ttf */ = {isa = PBXFileReference; lastKnownFileType = file; path = "WorkSans-MediumItalic.ttf"; sourceTree = "<group>"; };
		DAAAC8A2276E08C000989170 /* WorkSans-BoldItalic.ttf */ = {isa = PBXFileReference; lastKnownFileType = file; path = "WorkSans-BoldItalic.ttf"; sourceTree = "<group>"; };
		DAAAC8A3276E08C000989170 /* WorkSans-ExtraLight.ttf */ = {isa = PBXFileReference; lastKnownFileType = file; path = "WorkSans-ExtraLight.ttf"; sourceTree = "<group>"; };
		DAAAC8A4276E08C000989170 /* WorkSans-ThinItalic.ttf */ = {isa = PBXFileReference; lastKnownFileType = file; path = "WorkSans-ThinItalic.ttf"; sourceTree = "<group>"; };
		DAAAC8A5276E08C000989170 /* WorkSans-ExtraLightItalic.ttf */ = {isa = PBXFileReference; lastKnownFileType = file; path = "WorkSans-ExtraLightItalic.ttf"; sourceTree = "<group>"; };
		DAAAC8A6276E08C000989170 /* WorkSans-Medium.ttf */ = {isa = PBXFileReference; lastKnownFileType = file; path = "WorkSans-Medium.ttf"; sourceTree = "<group>"; };
		DAAAC8A7276E08C000989170 /* WorkSans-SemiBold.ttf */ = {isa = PBXFileReference; lastKnownFileType = file; path = "WorkSans-SemiBold.ttf"; sourceTree = "<group>"; };
		DAAAC8A8276E08C000989170 /* WorkSans-Italic.ttf */ = {isa = PBXFileReference; lastKnownFileType = file; path = "WorkSans-Italic.ttf"; sourceTree = "<group>"; };
		DAAAC8A9276E08C000989170 /* WorkSans-BlackItalic.ttf */ = {isa = PBXFileReference; lastKnownFileType = file; path = "WorkSans-BlackItalic.ttf"; sourceTree = "<group>"; };
		DAAAC8AA276E08C000989170 /* WorkSans-Thin.ttf */ = {isa = PBXFileReference; lastKnownFileType = file; path = "WorkSans-Thin.ttf"; sourceTree = "<group>"; };
		DAAAC8AB276E08C000989170 /* WorkSans-Black.ttf */ = {isa = PBXFileReference; lastKnownFileType = file; path = "WorkSans-Black.ttf"; sourceTree = "<group>"; };
		DAAAC8AC276E08C000989170 /* WorkSans-LightItalic.ttf */ = {isa = PBXFileReference; lastKnownFileType = file; path = "WorkSans-LightItalic.ttf"; sourceTree = "<group>"; };
		DAAAC8AD276E08C000989170 /* WorkSans-ExtraBoldItalic.ttf */ = {isa = PBXFileReference; lastKnownFileType = file; path = "WorkSans-ExtraBoldItalic.ttf"; sourceTree = "<group>"; };
		DAAAC8AE276E08C000989170 /* WorkSans-Bold.ttf */ = {isa = PBXFileReference; lastKnownFileType = file; path = "WorkSans-Bold.ttf"; sourceTree = "<group>"; };
		DAAAC8AF276E08C000989170 /* WorkSans-Italic-VariableFont_wght.ttf */ = {isa = PBXFileReference; lastKnownFileType = file; path = "WorkSans-Italic-VariableFont_wght.ttf"; sourceTree = "<group>"; };
		DAAAC8B0276E08C000989170 /* OFL.txt */ = {isa = PBXFileReference; fileEncoding = 4; lastKnownFileType = text; path = OFL.txt; sourceTree = "<group>"; };
		DAAAC8B1276E08C000989170 /* README.txt */ = {isa = PBXFileReference; fileEncoding = 4; lastKnownFileType = text; path = README.txt; sourceTree = "<group>"; };
		DAAAC8C8276E09A100989170 /* Info.plist */ = {isa = PBXFileReference; lastKnownFileType = text.plist; path = Info.plist; sourceTree = "<group>"; };
/* End PBXFileReference section */

/* Begin PBXFrameworksBuildPhase section */
		DA5AA50427685FEB00626DF0 /* Frameworks */ = {
			isa = PBXFrameworksBuildPhase;
			buildActionMask = 2147483647;
			files = (
			);
			runOnlyForDeploymentPostprocessing = 0;
		};
/* End PBXFrameworksBuildPhase section */

/* Begin PBXGroup section */
		DA5AA4FE27685FEB00626DF0 = {
			isa = PBXGroup;
			children = (
				DA5AA50927685FEB00626DF0 /* DesignCode */,
				DA5AA50827685FEB00626DF0 /* Products */,
			);
			sourceTree = "<group>";
		};
		DA5AA50827685FEB00626DF0 /* Products */ = {
			isa = PBXGroup;
			children = (
				DA5AA50727685FEB00626DF0 /* DesignCode.app */,
			);
			name = Products;
			sourceTree = "<group>";
		};
		DA5AA50927685FEB00626DF0 /* DesignCode */ = {
			isa = PBXGroup;
			children = (
				DAAAC8C8276E09A100989170 /* Info.plist */,
				DA5AA50A27685FEB00626DF0 /* DesignCodeApp.swift */,
				DA5AA50C27685FEB00626DF0 /* ContentView.swift */,
				DAAAC896276DCD9000989170 /* RingView.swift */,
				DAAAC898276E058900989170 /* Modifiers.swift */,
				DA03E6D4276B7BA8008BE51F /* Home.swift */,
				DAA1F52C2770869C009968FE /* CourseList.swift */,
				DAAAC88C276C707E00989170 /* HomeView.swift */,
				DA03E6D2276B20B3008BE51F /* MenuView.swift */,
				DAAAC88E276DA87100989170 /* UpdateList.swift */,
				DAAAC890276DAE8F00989170 /* UpdateDetail.swift */,
				DAAAC892276DB21C00989170 /* UpdateStore.swift */,
				DAAAC894276DB5FE00989170 /* TapBar.swift */,
				DA5AA50E27685FED00626DF0 /* Assets.xcassets */,
				DAAAC89A276E08C000989170 /* Work_Sans */,
				DA5AA51027685FED00626DF0 /* Preview Content */,
			);
			path = DesignCode;
			sourceTree = "<group>";
		};
		DA5AA51027685FED00626DF0 /* Preview Content */ = {
			isa = PBXGroup;
			children = (
				DA5AA51127685FED00626DF0 /* Preview Assets.xcassets */,
			);
			path = "Preview Content";
			sourceTree = "<group>";
		};
		DAAAC89A276E08C000989170 /* Work_Sans */ = {
			isa = PBXGroup;
			children = (
				DAAAC89B276E08C000989170 /* WorkSans-VariableFont_wght.ttf */,
				DAAAC89C276E08C000989170 /* static */,
				DAAAC8AF276E08C000989170 /* WorkSans-Italic-VariableFont_wght.ttf */,
				DAAAC8B0276E08C000989170 /* OFL.txt */,
				DAAAC8B1276E08C000989170 /* README.txt */,
			);
			path = Work_Sans;
			sourceTree = "<group>";
		};
		DAAAC89C276E08C000989170 /* static */ = {
			isa = PBXGroup;
			children = (
				DAAAC89D276E08C000989170 /* WorkSans-Regular.ttf */,
				DAAAC89E276E08C000989170 /* WorkSans-Light.ttf */,
				DAAAC89F276E08C000989170 /* WorkSans-ExtraBold.ttf */,
				DAAAC8A0276E08C000989170 /* WorkSans-SemiBoldItalic.ttf */,
				DAAAC8A1276E08C000989170 /* WorkSans-MediumItalic.ttf */,
				DAAAC8A2276E08C000989170 /* WorkSans-BoldItalic.ttf */,
				DAAAC8A3276E08C000989170 /* WorkSans-ExtraLight.ttf */,
				DAAAC8A4276E08C000989170 /* WorkSans-ThinItalic.ttf */,
				DAAAC8A5276E08C000989170 /* WorkSans-ExtraLightItalic.ttf */,
				DAAAC8A6276E08C000989170 /* WorkSans-Medium.ttf */,
				DAAAC8A7276E08C000989170 /* WorkSans-SemiBold.ttf */,
				DAAAC8A8276E08C000989170 /* WorkSans-Italic.ttf */,
				DAAAC8A9276E08C000989170 /* WorkSans-BlackItalic.ttf */,
				DAAAC8AA276E08C000989170 /* WorkSans-Thin.ttf */,
				DAAAC8AB276E08C000989170 /* WorkSans-Black.ttf */,
				DAAAC8AC276E08C000989170 /* WorkSans-LightItalic.ttf */,
				DAAAC8AD276E08C000989170 /* WorkSans-ExtraBoldItalic.ttf */,
				DAAAC8AE276E08C000989170 /* WorkSans-Bold.ttf */,
			);
			path = static;
			sourceTree = "<group>";
		};
/* End PBXGroup section */

/* Begin PBXNativeTarget section */
		DA5AA50627685FEB00626DF0 /* DesignCode */ = {
			isa = PBXNativeTarget;
			buildConfigurationList = DA5AA51527685FED00626DF0 /* Build configuration list for PBXNativeTarget "DesignCode" */;
			buildPhases = (
				DA5AA50327685FEB00626DF0 /* Sources */,
				DA5AA50427685FEB00626DF0 /* Frameworks */,
				DA5AA50527685FEB00626DF0 /* Resources */,
			);
			buildRules = (
			);
			dependencies = (
			);
			name = DesignCode;
			productName = DesignCode;
			productReference = DA5AA50727685FEB00626DF0 /* DesignCode.app */;
			productType = "com.apple.product-type.application";
		};
/* End PBXNativeTarget section */

/* Begin PBXProject section */
		DA5AA4FF27685FEB00626DF0 /* Project object */ = {
			isa = PBXProject;
			attributes = {
				BuildIndependentTargetsInParallel = 1;
				LastSwiftUpdateCheck = 1310;
				LastUpgradeCheck = 1310;
				TargetAttributes = {
					DA5AA50627685FEB00626DF0 = {
						CreatedOnToolsVersion = 13.1;
					};
				};
			};
			buildConfigurationList = DA5AA50227685FEB00626DF0 /* Build configuration list for PBXProject "DesignCode" */;
			compatibilityVersion = "Xcode 13.0";
			developmentRegion = en;
			hasScannedForEncodings = 0;
			knownRegions = (
				en,
				Base,
			);
			mainGroup = DA5AA4FE27685FEB00626DF0;
			productRefGroup = DA5AA50827685FEB00626DF0 /* Products */;
			projectDirPath = "";
			projectRoot = "";
			targets = (
				DA5AA50627685FEB00626DF0 /* DesignCode */,
			);
		};
/* End PBXProject section */

/* Begin PBXResourcesBuildPhase section */
		DA5AA50527685FEB00626DF0 /* Resources */ = {
			isa = PBXResourcesBuildPhase;
			buildActionMask = 2147483647;
			files = (
				DAAAC8C2276E08C100989170 /* WorkSans-LightItalic.ttf in Resources */,
				DA5AA51227685FED00626DF0 /* Preview Assets.xcassets in Resources */,
				DAAAC8B8276E08C100989170 /* WorkSans-BoldItalic.ttf in Resources */,
				DAAAC8BA276E08C100989170 /* WorkSans-ThinItalic.ttf in Resources */,
				DAAAC8B7276E08C100989170 /* WorkSans-MediumItalic.ttf in Resources */,
				DAAAC8BB276E08C100989170 /* WorkSans-ExtraLightItalic.ttf in Resources */,
				DAAAC8B6276E08C100989170 /* WorkSans-SemiBoldItalic.ttf in Resources */,
				DAAAC8C3276E08C100989170 /* WorkSans-ExtraBoldItalic.ttf in Resources */,
				DAAAC8B2276E08C100989170 /* WorkSans-VariableFont_wght.ttf in Resources */,
				DAAAC8C0276E08C100989170 /* WorkSans-Thin.ttf in Resources */,
				DAAAC8B9276E08C100989170 /* WorkSans-ExtraLight.ttf in Resources */,
				DAAAC8C6276E08C100989170 /* OFL.txt in Resources */,
				DAAAC8BD276E08C100989170 /* WorkSans-SemiBold.ttf in Resources */,
				DAAAC8B3276E08C100989170 /* WorkSans-Regular.ttf in Resources */,
				DAAAC8C1276E08C100989170 /* WorkSans-Black.ttf in Resources */,
				DAAAC8B5276E08C100989170 /* WorkSans-ExtraBold.ttf in Resources */,
				DAAAC8BF276E08C100989170 /* WorkSans-BlackItalic.ttf in Resources */,
				DAAAC8C5276E08C100989170 /* WorkSans-Italic-VariableFont_wght.ttf in Resources */,
				DAAAC8BC276E08C100989170 /* WorkSans-Medium.ttf in Resources */,
				DAAAC8BE276E08C100989170 /* WorkSans-Italic.ttf in Resources */,
				DAAAC8B4276E08C100989170 /* WorkSans-Light.ttf in Resources */,
				DAAAC8C7276E08C100989170 /* README.txt in Resources */,
				DA16837627745EAF009C2194 /* Assets.xcassets in Resources */,
				DAAAC8C4276E08C100989170 /* WorkSans-Bold.ttf in Resources */,
			);
			runOnlyForDeploymentPostprocessing = 0;
		};
/* End PBXResourcesBuildPhase section */

/* Begin PBXSourcesBuildPhase section */
		DA5AA50327685FEB00626DF0 /* Sources */ = {
			isa = PBXSourcesBuildPhase;
			buildActionMask = 2147483647;
			files = (
				DAAAC897276DCD9000989170 /* RingView.swift in Sources */,
				DAAAC899276E058A00989170 /* Modifiers.swift in Sources */,
				DAAAC891276DAE8F00989170 /* UpdateDetail.swift in Sources */,
				DA5AA50D27685FEB00626DF0 /* ContentView.swift in Sources */,
				DAA1F52D2770869C009968FE /* CourseList.swift in Sources */,
				DA03E6D3276B20B3008BE51F /* MenuView.swift in Sources */,
				DAAAC895276DB5FE00989170 /* TapBar.swift in Sources */,
				DAAAC88F276DA87200989170 /* UpdateList.swift in Sources */,
				DAAAC893276DB21C00989170 /* UpdateStore.swift in Sources */,
				DA03E6D5276B7BA8008BE51F /* Home.swift in Sources */,
				DAAAC88D276C707E00989170 /* HomeView.swift in Sources */,
				DA5AA50B27685FEB00626DF0 /* DesignCodeApp.swift in Sources */,
			);
			runOnlyForDeploymentPostprocessing = 0;
		};
/* End PBXSourcesBuildPhase section */

/* Begin XCBuildConfiguration section */
		DA5AA51327685FED00626DF0 /* Debug */ = {
			isa = XCBuildConfiguration;
			buildSettings = {
				ALWAYS_SEARCH_USER_PATHS = NO;
				CLANG_ANALYZER_NONNULL = YES;
				CLANG_ANALYZER_NUMBER_OBJECT_CONVERSION = YES_AGGRESSIVE;
				CLANG_CXX_LANGUAGE_STANDARD = "gnu++17";
				CLANG_CXX_LIBRARY = "libc++";
				CLANG_ENABLE_MODULES = YES;
				CLANG_ENABLE_OBJC_ARC = YES;
				CLANG_ENABLE_OBJC_WEAK = YES;
				CLANG_WARN_BLOCK_CAPTURE_AUTORELEASING = YES;
				CLANG_WARN_BOOL_CONVERSION = YES;
				CLANG_WARN_COMMA = YES;
				CLANG_WARN_CONSTANT_CONVERSION = YES;
				CLANG_WARN_DEPRECATED_OBJC_IMPLEMENTATIONS = YES;
				CLANG_WARN_DIRECT_OBJC_ISA_USAGE = YES_ERROR;
				CLANG_WARN_DOCUMENTATION_COMMENTS = YES;
				CLANG_WARN_EMPTY_BODY = YES;
				CLANG_WARN_ENUM_CONVERSION = YES;
				CLANG_WARN_INFINITE_RECURSION = YES;
				CLANG_WARN_INT_CONVERSION = YES;
				CLANG_WARN_NON_LITERAL_NULL_CONVERSION = YES;
				CLANG_WARN_OBJC_IMPLICIT_RETAIN_SELF = YES;
				CLANG_WARN_OBJC_LITERAL_CONVERSION = YES;
				CLANG_WARN_OBJC_ROOT_CLASS = YES_ERROR;
				CLANG_WARN_QUOTED_INCLUDE_IN_FRAMEWORK_HEADER = YES;
				CLANG_WARN_RANGE_LOOP_ANALYSIS = YES;
				CLANG_WARN_STRICT_PROTOTYPES = YES;
				CLANG_WARN_SUSPICIOUS_MOVE = YES;
				CLANG_WARN_UNGUARDED_AVAILABILITY = YES_AGGRESSIVE;
				CLANG_WARN_UNREACHABLE_CODE = YES;
				CLANG_WARN__DUPLICATE_METHOD_MATCH = YES;
				COPY_PHASE_STRIP = NO;
				DEBUG_INFORMATION_FORMAT = dwarf;
				ENABLE_STRICT_OBJC_MSGSEND = YES;
				ENABLE_TESTABILITY = YES;
				GCC_C_LANGUAGE_STANDARD = gnu11;
				GCC_DYNAMIC_NO_PIC = NO;
				GCC_NO_COMMON_BLOCKS = YES;
				GCC_OPTIMIZATION_LEVEL = 0;
				GCC_PREPROCESSOR_DEFINITIONS = (
					"DEBUG=1",
					"$(inherited)",
				);
				GCC_WARN_64_TO_32_BIT_CONVERSION = YES;
				GCC_WARN_ABOUT_RETURN_TYPE = YES_ERROR;
				GCC_WARN_UNDECLARED_SELECTOR = YES;
				GCC_WARN_UNINITIALIZED_AUTOS = YES_AGGRESSIVE;
				GCC_WARN_UNUSED_FUNCTION = YES;
				GCC_WARN_UNUSED_VARIABLE = YES;
				IPHONEOS_DEPLOYMENT_TARGET = 15.2;
				MTL_ENABLE_DEBUG_INFO = INCLUDE_SOURCE;
				MTL_FAST_MATH = YES;
				ONLY_ACTIVE_ARCH = YES;
				SDKROOT = iphoneos;
				SWIFT_ACTIVE_COMPILATION_CONDITIONS = DEBUG;
				SWIFT_OPTIMIZATION_LEVEL = "-Onone";
			};
			name = Debug;
		};
		DA5AA51427685FED00626DF0 /* Release */ = {
			isa = XCBuildConfiguration;
			buildSettings = {
				ALWAYS_SEARCH_USER_PATHS = NO;
				CLANG_ANALYZER_NONNULL = YES;
				CLANG_ANALYZER_NUMBER_OBJECT_CONVERSION = YES_AGGRESSIVE;
				CLANG_CXX_LANGUAGE_STANDARD = "gnu++17";
				CLANG_CXX_LIBRARY = "libc++";
				CLANG_ENABLE_MODULES = YES;
				CLANG_ENABLE_OBJC_ARC = YES;
				CLANG_ENABLE_OBJC_WEAK = YES;
				CLANG_WARN_BLOCK_CAPTURE_AUTORELEASING = YES;
				CLANG_WARN_BOOL_CONVERSION = YES;
				CLANG_WARN_COMMA = YES;
				CLANG_WARN_CONSTANT_CONVERSION = YES;
				CLANG_WARN_DEPRECATED_OBJC_IMPLEMENTATIONS = YES;
				CLANG_WARN_DIRECT_OBJC_ISA_USAGE = YES_ERROR;
				CLANG_WARN_DOCUMENTATION_COMMENTS = YES;
				CLANG_WARN_EMPTY_BODY = YES;
				CLANG_WARN_ENUM_CONVERSION = YES;
				CLANG_WARN_INFINITE_RECURSION = YES;
				CLANG_WARN_INT_CONVERSION = YES;
				CLANG_WARN_NON_LITERAL_NULL_CONVERSION = YES;
				CLANG_WARN_OBJC_IMPLICIT_RETAIN_SELF = YES;
				CLANG_WARN_OBJC_LITERAL_CONVERSION = YES;
				CLANG_WARN_OBJC_ROOT_CLASS = YES_ERROR;
				CLANG_WARN_QUOTED_INCLUDE_IN_FRAMEWORK_HEADER = YES;
				CLANG_WARN_RANGE_LOOP_ANALYSIS = YES;
				CLANG_WARN_STRICT_PROTOTYPES = YES;
				CLANG_WARN_SUSPICIOUS_MOVE = YES;
				CLANG_WARN_UNGUARDED_AVAILABILITY = YES_AGGRESSIVE;
				CLANG_WARN_UNREACHABLE_CODE = YES;
				CLANG_WARN__DUPLICATE_METHOD_MATCH = YES;
				COPY_PHASE_STRIP = NO;
				DEBUG_INFORMATION_FORMAT = "dwarf-with-dsym";
				ENABLE_NS_ASSERTIONS = NO;
				ENABLE_STRICT_OBJC_MSGSEND = YES;
				GCC_C_LANGUAGE_STANDARD = gnu11;
				GCC_NO_COMMON_BLOCKS = YES;
				GCC_WARN_64_TO_32_BIT_CONVERSION = YES;
				GCC_WARN_ABOUT_RETURN_TYPE = YES_ERROR;
				GCC_WARN_UNDECLARED_SELECTOR = YES;
				GCC_WARN_UNINITIALIZED_AUTOS = YES_AGGRESSIVE;
				GCC_WARN_UNUSED_FUNCTION = YES;
				GCC_WARN_UNUSED_VARIABLE = YES;
				IPHONEOS_DEPLOYMENT_TARGET = 15.2;
				MTL_ENABLE_DEBUG_INFO = NO;
				MTL_FAST_MATH = YES;
				SDKROOT = iphoneos;
				SWIFT_COMPILATION_MODE = wholemodule;
				SWIFT_OPTIMIZATION_LEVEL = "-O";
				VALIDATE_PRODUCT = YES;
			};
			name = Release;
		};
		DA5AA51627685FED00626DF0 /* Debug */ = {
			isa = XCBuildConfiguration;
			buildSettings = {
				ASSETCATALOG_COMPILER_APPICON_NAME = AppIcon;
				ASSETCATALOG_COMPILER_GLOBAL_ACCENT_COLOR_NAME = AccentColor;
				ASSETCATALOG_COMPILER_INCLUDE_ALL_APPICON_ASSETS = YES;
				CODE_SIGN_STYLE = Automatic;
				CURRENT_PROJECT_VERSION = 1;
				DEVELOPMENT_ASSET_PATHS = "\"DesignCode/Preview Content\"";
				DEVELOPMENT_TEAM = TG89376M92;
				EMBED_ASSET_PACKS_IN_PRODUCT_BUNDLE = YES;
				ENABLE_PREVIEWS = YES;
				GENERATE_INFOPLIST_FILE = YES;
				INFOPLIST_FILE = DesignCode/Info.plist;
				INFOPLIST_KEY_CFBundleDisplayName = DesignCode;
				INFOPLIST_KEY_UIApplicationSceneManifest_Generation = YES;
				INFOPLIST_KEY_UIApplicationSupportsIndirectInputEvents = YES;
				INFOPLIST_KEY_UILaunchScreen_Generation = YES;
				INFOPLIST_KEY_UISupportedInterfaceOrientations = UIInterfaceOrientationPortrait;
				INFOPLIST_KEY_UISupportedInterfaceOrientations_iPad = "UIInterfaceOrientationPortrait UIInterfaceOrientationPortraitUpsideDown UIInterfaceOrientationLandscapeLeft UIInterfaceOrientationLandscapeRight";
				INFOPLIST_KEY_UISupportedInterfaceOrientations_iPhone = "UIInterfaceOrientationPortrait UIInterfaceOrientationLandscapeLeft UIInterfaceOrientationLandscapeRight";
				IPHONEOS_DEPLOYMENT_TARGET = 15.2;
				LD_RUNPATH_SEARCH_PATHS = (
					"$(inherited)",
					"@executable_path/Frameworks",
				);
				MARKETING_VERSION = 1.0;
				PRODUCT_BUNDLE_IDENTIFIER = sujay.DesignCode;
				PRODUCT_NAME = "$(TARGET_NAME)";
				SWIFT_EMIT_LOC_STRINGS = YES;
				SWIFT_VERSION = 5.0;
				TARGETED_DEVICE_FAMILY = "1,2";
			};
			name = Debug;
		};
		DA5AA51727685FED00626DF0 /* Release */ = {
			isa = XCBuildConfiguration;
			buildSettings = {
				ASSETCATALOG_COMPILER_APPICON_NAME = AppIcon;
				ASSETCATALOG_COMPILER_GLOBAL_ACCENT_COLOR_NAME = AccentColor;
				ASSETCATALOG_COMPILER_INCLUDE_ALL_APPICON_ASSETS = YES;
				CODE_SIGN_STYLE = Automatic;
				CURRENT_PROJECT_VERSION = 1;
				DEVELOPMENT_ASSET_PATHS = "\"DesignCode/Preview Content\"";
				DEVELOPMENT_TEAM = TG89376M92;
				EMBED_ASSET_PACKS_IN_PRODUCT_BUNDLE = YES;
				ENABLE_PREVIEWS = YES;
				GENERATE_INFOPLIST_FILE = YES;
				INFOPLIST_FILE = DesignCode/Info.plist;
				INFOPLIST_KEY_CFBundleDisplayName = DesignCode;
				INFOPLIST_KEY_UIApplicationSceneManifest_Generation = YES;
				INFOPLIST_KEY_UIApplicationSupportsIndirectInputEvents = YES;
				INFOPLIST_KEY_UILaunchScreen_Generation = YES;
				INFOPLIST_KEY_UISupportedInterfaceOrientations = UIInterfaceOrientationPortrait;
				INFOPLIST_KEY_UISupportedInterfaceOrientations_iPad = "UIInterfaceOrientationPortrait UIInterfaceOrientationPortraitUpsideDown UIInterfaceOrientationLandscapeLeft UIInterfaceOrientationLandscapeRight";
				INFOPLIST_KEY_UISupportedInterfaceOrientations_iPhone = "UIInterfaceOrientationPortrait UIInterfaceOrientationLandscapeLeft UIInterfaceOrientationLandscapeRight";
				IPHONEOS_DEPLOYMENT_TARGET = 15.2;
				LD_RUNPATH_SEARCH_PATHS = (
					"$(inherited)",
					"@executable_path/Frameworks",
				);
				MARKETING_VERSION = 1.0;
				PRODUCT_BUNDLE_IDENTIFIER = sujay.DesignCode;
				PRODUCT_NAME = "$(TARGET_NAME)";
				SWIFT_EMIT_LOC_STRINGS = YES;
				SWIFT_VERSION = 5.0;
				TARGETED_DEVICE_FAMILY = "1,2";
			};
			name = Release;
		};
/* End XCBuildConfiguration section */

/* Begin XCConfigurationList section */
		DA5AA50227685FEB00626DF0 /* Build configuration list for PBXProject "DesignCode" */ = {
			isa = XCConfigurationList;
			buildConfigurations = (
				DA5AA51327685FED00626DF0 /* Debug */,
				DA5AA51427685FED00626DF0 /* Release */,
			);
			defaultConfigurationIsVisible = 0;
			defaultConfigurationName = Release;
		};
		DA5AA51527685FED00626DF0 /* Build configuration list for PBXNativeTarget "DesignCode" */ = {
			isa = XCConfigurationList;
			buildConfigurations = (
				DA5AA51627685FED00626DF0 /* Debug */,
				DA5AA51727685FED00626DF0 /* Release */,
			);
			defaultConfigurationIsVisible = 0;
			defaultConfigurationName = Release;
		};
/* End XCConfigurationList section */
	};
	rootObject = DA5AA4FF27685FEB00626DF0 /* Project object */;
}
